
Microsoft Visual Studio Solution File, Format Version 12.00
# Visual Studio Version 17
VisualStudioVersion = 17.4.33205.214
MinimumVisualStudioVersion = 10.0.40219.1
Project("{9A19103F-16F7-4668-BE54-9A1E7A4F7556}") = "Xpto.Core", "Xpto.Core\Xpto.Core.csproj", "{0B5B1A01-D3BC-4B2C-AFF8-E5288A07BC4B}"
EndProject
Project("{9A19103F-16F7-4668-BE54-9A1E7A4F7556}") = "Xpto.Repositories", "Xpto.Repositories\Xpto.Repositories.csproj", "{6DC2753E-C1B0-4A42-B3EB-F82BC4F31F3C}"
EndProject
Project("{9A19103F-16F7-4668-BE54-9A1E7A4F7556}") = "Xpto.Services", "Xpto.Services\Xpto.Services.csproj", "{CD99FC01-3351-4093-A0DD-E9B0D38D724B}"
EndProject
Project("{9A19103F-16F7-4668-BE54-9A1E7A4F7556}") = "Xpto.Test", "Xpto.Test\Xpto.Test.csproj", "{C3A2B065-FEE7-4DE6-832B-0C8E3BDA7D7B}"
EndProject
Project("{FAE04EC0-301F-11D3-BF4B-00C04F79EFBC}") = "Xpto.UI", "Xpto.UI\Xpto.UI.csproj", "{DACEA5DD-D903-46C4-8616-B10BC45D9F18}"
EndProject
Global
	GlobalSection(SolutionConfigurationPlatforms) = preSolution
		Debug|Any CPU = Debug|Any CPU
		Release|Any CPU = Release|Any CPU
	EndGlobalSection
	GlobalSection(ProjectConfigurationPlatforms) = postSolution
		{0B5B1A01-D3BC-4B2C-AFF8-E5288A07BC4B}.Debug|Any CPU.ActiveCfg = Debug|Any CPU
		{0B5B1A01-D3BC-4B2C-AFF8-E5288A07BC4B}.Debug|Any CPU.Build.0 = Debug|Any CPU
		{0B5B1A01-D3BC-4B2C-AFF8-E5288A07BC4B}.Release|Any CPU.ActiveCfg = Release|Any CPU
		{0B5B1A01-D3BC-4B2C-AFF8-E5288A07BC4B}.Release|Any CPU.Build.0 = Release|Any CPU
		{6DC2753E-C1B0-4A42-B3EB-F82BC4F31F3C}.Debug|Any CPU.ActiveCfg = Debug|Any CPU
		{6DC2753E-C1B0-4A42-B3EB-F82BC4F31F3C}.Debug|Any CPU.Build.0 = Debug|Any CPU
		{6DC2753E-C1B0-4A42-B3EB-F82BC4F31F3C}.Release|Any CPU.ActiveCfg = Release|Any CPU
		{6DC2753E-C1B0-4A42-B3EB-F82BC4F31F3C}.Release|Any CPU.Build.0 = Release|Any CPU
		{CD99FC01-3351-4093-A0DD-E9B0D38D724B}.Debug|Any CPU.ActiveCfg = Debug|Any CPU
		{CD99FC01-3351-4093-A0DD-E9B0D38D724B}.Debug|Any CPU.Build.0 = Debug|Any CPU
		{CD99FC01-3351-4093-A0DD-E9B0D38D724B}.Release|Any CPU.ActiveCfg = Release|Any CPU
		{CD99FC01-3351-4093-A0DD-E9B0D38D724B}.Release|Any CPU.Build.0 = Release|Any CPU
		{C3A2B065-FEE7-4DE6-832B-0C8E3BDA7D7B}.Debug|Any CPU.ActiveCfg = Debug|Any CPU
		{C3A2B065-FEE7-4DE6-832B-0C8E3BDA7D7B}.Debug|Any CPU.Build.0 = Debug|Any CPU
		{C3A2B065-FEE7-4DE6-832B-0C8E3BDA7D7B}.Release|Any CPU.ActiveCfg = Release|Any CPU
		{C3A2B065-FEE7-4DE6-832B-0C8E3BDA7D7B}.Release|Any CPU.Build.0 = Release|Any CPU
		{DACEA5DD-D903-46C4-8616-B10BC45D9F18}.Debug|Any CPU.ActiveCfg = Debug|Any CPU
		{DACEA5DD-D903-46C4-8616-B10BC45D9F18}.Debug|Any CPU.Build.0 = Debug|Any CPU
		{DACEA5DD-D903-46C4-8616-B10BC45D9F18}.Release|Any CPU.ActiveCfg = Release|Any CPU
		{DACEA5DD-D903-46C4-8616-B10BC45D9F18}.Release|Any CPU.Build.0 = Release|Any CPU
	EndGlobalSection
	GlobalSection(SolutionProperties) = preSolution
		HideSolutionNode = FALSE
	EndGlobalSection
	GlobalSection(ExtensibilityGlobals) = postSolution
		SolutionGuid = {A79D0EB2-4F72-49AF-970C-88B2D9F2501B}
	EndGlobalSection
EndGlobal
